
Microsoft Visual Studio Solution File, Format Version 12.00
# Visual Studio Version 16
VisualStudioVersion = 16.0.32106.194
MinimumVisualStudioVersion = 10.0.40219.1
Project("{FAE04EC0-301F-11D3-BF4B-00C04F79EFBC}") = "TwentyOneGameV3", "TwentyOneGameV3\TwentyOneGameV3.csproj", "{56A6DDDD-59B1-43DD-9872-684715C5BAF2}"
EndProject
Project("{FAE04EC0-301F-11D3-BF4B-00C04F79EFBC}") = "Casino", "Casino\Casino.csproj", "{3E7F2F82-A583-4801-A77D-370712AF477A}"
EndProject
Global
	GlobalSection(SolutionConfigurationPlatforms) = preSolution
		Debug|Any CPU = Debug|Any CPU
		Release|Any CPU = Release|Any CPU
	EndGlobalSection
	GlobalSection(ProjectConfigurationPlatforms) = postSolution
		{56A6DDDD-59B1-43DD-9872-684715C5BAF2}.Debug|Any CPU.ActiveCfg = Debug|Any CPU
		{56A6DDDD-59B1-43DD-9872-684715C5BAF2}.Debug|Any CPU.Build.0 = Debug|Any CPU
		{56A6DDDD-59B1-43DD-9872-684715C5BAF2}.Release|Any CPU.ActiveCfg = Release|Any CPU
		{56A6DDDD-59B1-43DD-9872-684715C5BAF2}.Release|Any CPU.Build.0 = Release|Any CPU
		{3E7F2F82-A583-4801-A77D-370712AF477A}.Debug|Any CPU.ActiveCfg = Debug|Any CPU
		{3E7F2F82-A583-4801-A77D-370712AF477A}.Debug|Any CPU.Build.0 = Debug|Any CPU
		{3E7F2F82-A583-4801-A77D-370712AF477A}.Release|Any CPU.ActiveCfg = Release|Any CPU
		{3E7F2F82-A583-4801-A77D-370712AF477A}.Release|Any CPU.Build.0 = Release|Any CPU
	EndGlobalSection
	GlobalSection(SolutionProperties) = preSolution
		HideSolutionNode = FALSE
	EndGlobalSection
	GlobalSection(ExtensibilityGlobals) = postSolution
		SolutionGuid = {5C81AC2B-663C-40CD-973B-EB06A6D514DA}
	EndGlobalSection
EndGlobal
