
Microsoft Visual Studio Solution File, Format Version 12.00
# Visual Studio Version 16
VisualStudioVersion = 16.0.32106.194
MinimumVisualStudioVersion = 10.0.40219.1
Project("{FAE04EC0-301F-11D3-BF4B-00C04F79EFBC}") = "HelloWorld", "HelloWorld\HelloWorld.csproj", "{FEEAD7F3-F53C-48F5-A381-E9D7D79C99E2}"
EndProject
Global
	GlobalSection(SolutionConfigurationPlatforms) = preSolution
		Debug|Any CPU = Debug|Any CPU
		Release|Any CPU = Release|Any CPU
	EndGlobalSection
	GlobalSection(ProjectConfigurationPlatforms) = postSolution
		{FEEAD7F3-F53C-48F5-A381-E9D7D79C99E2}.Debug|Any CPU.ActiveCfg = Debug|Any CPU
		{FEEAD7F3-F53C-48F5-A381-E9D7D79C99E2}.Debug|Any CPU.Build.0 = Debug|Any CPU
		{FEEAD7F3-F53C-48F5-A381-E9D7D79C99E2}.Release|Any CPU.ActiveCfg = Release|Any CPU
		{FEEAD7F3-F53C-48F5-A381-E9D7D79C99E2}.Release|Any CPU.Build.0 = Release|Any CPU
	EndGlobalSection
	GlobalSection(SolutionProperties) = preSolution
		HideSolutionNode = FALSE
	EndGlobalSection
	GlobalSection(ExtensibilityGlobals) = postSolution
		SolutionGuid = {B44DA9D0-61C3-4355-B641-535905C38047}
	EndGlobalSection
EndGlobal
