
Microsoft Visual Studio Solution File, Format Version 12.00
# Visual Studio Version 16
VisualStudioVersion = 16.0.32106.194
MinimumVisualStudioVersion = 10.0.40219.1
Project("{FAE04EC0-301F-11D3-BF4B-00C04F79EFBC}") = "ClassSubmissionAssignment", "ClassSubmissionAssignment\ClassSubmissionAssignment.csproj", "{AF69B930-5520-4DB3-A45A-E521A8B2FDF0}"
EndProject
Global
	GlobalSection(SolutionConfigurationPlatforms) = preSolution
		Debug|Any CPU = Debug|Any CPU
		Release|Any CPU = Release|Any CPU
	EndGlobalSection
	GlobalSection(ProjectConfigurationPlatforms) = postSolution
		{AF69B930-5520-4DB3-A45A-E521A8B2FDF0}.Debug|Any CPU.ActiveCfg = Debug|Any CPU
		{AF69B930-5520-4DB3-A45A-E521A8B2FDF0}.Debug|Any CPU.Build.0 = Debug|Any CPU
		{AF69B930-5520-4DB3-A45A-E521A8B2FDF0}.Release|Any CPU.ActiveCfg = Release|Any CPU
		{AF69B930-5520-4DB3-A45A-E521A8B2FDF0}.Release|Any CPU.Build.0 = Release|Any CPU
	EndGlobalSection
	GlobalSection(SolutionProperties) = preSolution
		HideSolutionNode = FALSE
	EndGlobalSection
	GlobalSection(ExtensibilityGlobals) = postSolution
		SolutionGuid = {D678BF56-0D2D-434C-A883-42BD47FA8AE6}
	EndGlobalSection
EndGlobal
