
Microsoft Visual Studio Solution File, Format Version 12.00
# Visual Studio Version 16
VisualStudioVersion = 16.0.32106.194
MinimumVisualStudioVersion = 10.0.40219.1
Project("{FAE04EC0-301F-11D3-BF4B-00C04F79EFBC}") = "ConsoleAppArraysListsIterationAssignment", "ConsoleAppArraysListsIterationAssignment\ConsoleAppArraysListsIterationAssignment.csproj", "{D0E53C2B-72BA-4098-8C67-19699392EF0A}"
EndProject
Global
	GlobalSection(SolutionConfigurationPlatforms) = preSolution
		Debug|Any CPU = Debug|Any CPU
		Release|Any CPU = Release|Any CPU
	EndGlobalSection
	GlobalSection(ProjectConfigurationPlatforms) = postSolution
		{D0E53C2B-72BA-4098-8C67-19699392EF0A}.Debug|Any CPU.ActiveCfg = Debug|Any CPU
		{D0E53C2B-72BA-4098-8C67-19699392EF0A}.Debug|Any CPU.Build.0 = Debug|Any CPU
		{D0E53C2B-72BA-4098-8C67-19699392EF0A}.Release|Any CPU.ActiveCfg = Release|Any CPU
		{D0E53C2B-72BA-4098-8C67-19699392EF0A}.Release|Any CPU.Build.0 = Release|Any CPU
	EndGlobalSection
	GlobalSection(SolutionProperties) = preSolution
		HideSolutionNode = FALSE
	EndGlobalSection
	GlobalSection(ExtensibilityGlobals) = postSolution
		SolutionGuid = {83CD7B9B-EE99-4CD2-B8C8-F719DDC6F561}
	EndGlobalSection
EndGlobal
