
Microsoft Visual Studio Solution File, Format Version 12.00
# Visual Studio Version 16
VisualStudioVersion = 16.0.32106.194
MinimumVisualStudioVersion = 10.0.40219.1
Project("{FAE04EC0-301F-11D3-BF4B-00C04F79EFBC}") = "NewsletterAppMVC", "NewsletterAppMVC\NewsletterAppMVC.csproj", "{4CE0B1F6-31DD-4001-A990-179EEC7CD1C8}"
EndProject
Global
	GlobalSection(SolutionConfigurationPlatforms) = preSolution
		Debug|Any CPU = Debug|Any CPU
		Release|Any CPU = Release|Any CPU
	EndGlobalSection
	GlobalSection(ProjectConfigurationPlatforms) = postSolution
		{4CE0B1F6-31DD-4001-A990-179EEC7CD1C8}.Debug|Any CPU.ActiveCfg = Debug|Any CPU
		{4CE0B1F6-31DD-4001-A990-179EEC7CD1C8}.Debug|Any CPU.Build.0 = Debug|Any CPU
		{4CE0B1F6-31DD-4001-A990-179EEC7CD1C8}.Release|Any CPU.ActiveCfg = Release|Any CPU
		{4CE0B1F6-31DD-4001-A990-179EEC7CD1C8}.Release|Any CPU.Build.0 = Release|Any CPU
	EndGlobalSection
	GlobalSection(SolutionProperties) = preSolution
		HideSolutionNode = FALSE
	EndGlobalSection
	GlobalSection(ExtensibilityGlobals) = postSolution
		SolutionGuid = {D25E6895-0B5C-41C0-8247-D219CBF659C6}
	EndGlobalSection
EndGlobal
