
Microsoft Visual Studio Solution File, Format Version 12.00
# Visual Studio Version 16
VisualStudioVersion = 16.0.32106.194
MinimumVisualStudioVersion = 10.0.40219.1
Project("{FAE04EC0-301F-11D3-BF4B-00C04F79EFBC}") = "DateTimeSubmissionAssignment", "DateTimeSubmissionAssignment\DateTimeSubmissionAssignment.csproj", "{891DA51C-5BAB-482F-8849-D692F6F7EAD4}"
EndProject
Global
	GlobalSection(SolutionConfigurationPlatforms) = preSolution
		Debug|Any CPU = Debug|Any CPU
		Release|Any CPU = Release|Any CPU
	EndGlobalSection
	GlobalSection(ProjectConfigurationPlatforms) = postSolution
		{891DA51C-5BAB-482F-8849-D692F6F7EAD4}.Debug|Any CPU.ActiveCfg = Debug|Any CPU
		{891DA51C-5BAB-482F-8849-D692F6F7EAD4}.Debug|Any CPU.Build.0 = Debug|Any CPU
		{891DA51C-5BAB-482F-8849-D692F6F7EAD4}.Release|Any CPU.ActiveCfg = Release|Any CPU
		{891DA51C-5BAB-482F-8849-D692F6F7EAD4}.Release|Any CPU.Build.0 = Release|Any CPU
	EndGlobalSection
	GlobalSection(SolutionProperties) = preSolution
		HideSolutionNode = FALSE
	EndGlobalSection
	GlobalSection(ExtensibilityGlobals) = postSolution
		SolutionGuid = {12CCE832-D4E8-4897-BD23-37D27B4A017E}
	EndGlobalSection
EndGlobal
