
Microsoft Visual Studio Solution File, Format Version 12.00
# Visual Studio Version 16
VisualStudioVersion = 16.0.32106.194
MinimumVisualStudioVersion = 10.0.40219.1
Project("{FAE04EC0-301F-11D3-BF4B-00C04F79EFBC}") = "OperatorsSubmissionAssignment", "OperatorsSubmissionAssignment\OperatorsSubmissionAssignment.csproj", "{BE45F37D-0D56-4372-811E-FDF6A5854A97}"
EndProject
Global
	GlobalSection(SolutionConfigurationPlatforms) = preSolution
		Debug|Any CPU = Debug|Any CPU
		Release|Any CPU = Release|Any CPU
	EndGlobalSection
	GlobalSection(ProjectConfigurationPlatforms) = postSolution
		{BE45F37D-0D56-4372-811E-FDF6A5854A97}.Debug|Any CPU.ActiveCfg = Debug|Any CPU
		{BE45F37D-0D56-4372-811E-FDF6A5854A97}.Debug|Any CPU.Build.0 = Debug|Any CPU
		{BE45F37D-0D56-4372-811E-FDF6A5854A97}.Release|Any CPU.ActiveCfg = Release|Any CPU
		{BE45F37D-0D56-4372-811E-FDF6A5854A97}.Release|Any CPU.Build.0 = Release|Any CPU
	EndGlobalSection
	GlobalSection(SolutionProperties) = preSolution
		HideSolutionNode = FALSE
	EndGlobalSection
	GlobalSection(ExtensibilityGlobals) = postSolution
		SolutionGuid = {BFE301C9-C45A-485B-8984-43737B9F2724}
	EndGlobalSection
EndGlobal
